Microsoft Visual Studio Solution File, Format Version 12.00
# Visual Studio Version 17
VisualStudioVersion = 17.5.2.0
MinimumVisualStudioVersion = 10.0.40219.1
Project("{FAE04EC0-301F-11D3-BF4B-00C04F79EFBC}") = "ProjectLedger.API", "ProjectLedger.API\ProjectLedger.API.csproj", "{4D24F8AD-73E7-DC21-7676-C3E8BE83DD3F}"
EndProject
Global
	GlobalSection(SolutionConfigurationPlatforms) = preSolution
		Debug|Any CPU = Debug|Any CPU
		Release|Any CPU = Release|Any CPU
	EndGlobalSection
	GlobalSection(ProjectConfigurationPlatforms) = postSolution
		{4D24F8AD-73E7-DC21-7676-C3E8BE83DD3F}.Debug|Any CPU.ActiveCfg = Debug|Any CPU
		{4D24F8AD-73E7-DC21-7676-C3E8BE83DD3F}.Debug|Any CPU.Build.0 = Debug|Any CPU
		{4D24F8AD-73E7-DC21-7676-C3E8BE83DD3F}.Release|Any CPU.ActiveCfg = Release|Any CPU
		{4D24F8AD-73E7-DC21-7676-C3E8BE83DD3F}.Release|Any CPU.Build.0 = Release|Any CPU
	EndGlobalSection
	GlobalSection(SolutionProperties) = preSolution
		HideSolutionNode = FALSE
	EndGlobalSection
	GlobalSection(ExtensibilityGlobals) = postSolution
		SolutionGuid = {B885B08D-56C0-40BE-AEB7-E1017B930AF5}
	EndGlobalSection
EndGlobal
